
Microsoft Visual Studio Solution File, Format Version 12.00
# Visual Studio Version 17
VisualStudioVersion = 17.4.33213.308
MinimumVisualStudioVersion = 10.0.40219.1
Project("{FAE04EC0-301F-11D3-BF4B-00C04F79EFBC}") = "KerbalLaunchVehicles", "KerbalLaunchVehicles\KerbalLaunchVehicles.csproj", "{50118A12-5017-4DA0-9976-4A27D9A284FE}"
EndProject
Project("{2150E333-8FDC-42A3-9474-1A3956D46DE8}") = "Solution Items", "Solution Items", "{DACBA394-315C-447E-8CFC-1A3070C56745}"
	ProjectSection(SolutionItems) = preProject
		buildRelease.bat = buildRelease.bat
		Changelog.txt = Changelog.txt
		deploy.bat = deploy.bat
		jenkins.txt = jenkins.txt
		KerbalLaunchVehicles.version = KerbalLaunchVehicles.version
		README.md = README.md
		LICENSE.md = LICENSE.md
	EndProjectSection
EndProject
Global
	GlobalSection(SolutionConfigurationPlatforms) = preSolution
		Debug|Any CPU = Debug|Any CPU
		Release|Any CPU = Release|Any CPU
	EndGlobalSection
	GlobalSection(ProjectConfigurationPlatforms) = postSolution
		{50118A12-5017-4DA0-9976-4A27D9A284FE}.Debug|Any CPU.ActiveCfg = Debug|Any CPU
		{50118A12-5017-4DA0-9976-4A27D9A284FE}.Debug|Any CPU.Build.0 = Debug|Any CPU
		{50118A12-5017-4DA0-9976-4A27D9A284FE}.Release|Any CPU.ActiveCfg = Release|Any CPU
		{50118A12-5017-4DA0-9976-4A27D9A284FE}.Release|Any CPU.Build.0 = Release|Any CPU
	EndGlobalSection
	GlobalSection(SolutionProperties) = preSolution
		HideSolutionNode = FALSE
	EndGlobalSection
	GlobalSection(ExtensibilityGlobals) = postSolution
		SolutionGuid = {2813F28D-6DD6-43E8-A811-1EAB9BA3C2B0}
	EndGlobalSection
EndGlobal
